
Microsoft Visual Studio Solution File, Format Version 12.00
# Visual Studio Version 16
VisualStudioVersion = 16.0.29709.97
MinimumVisualStudioVersion = 10.0.40219.1
Project("{2150E333-8FDC-42A3-9474-1A3956D46DE8}") = "1_Preparation", "1_Preparation", "{B9CB0868-A9B8-41CE-9440-40AB36DB2D84}"
EndProject
Project("{2150E333-8FDC-42A3-9474-1A3956D46DE8}") = "2_CreationalPattern", "2_CreationalPattern", "{D05C2F6E-F3A6-4015-8855-194697431844}"
EndProject
Project("{2150E333-8FDC-42A3-9474-1A3956D46DE8}") = "3_StructuralPattern", "3_StructuralPattern", "{593A8778-A6AC-40E8-A104-30ADE90DAC31}"
EndProject
Project("{2150E333-8FDC-42A3-9474-1A3956D46DE8}") = "4_BehavioralPattern", "4_BehavioralPattern", "{AA9E98DF-E9E9-422A-925B-5238827491B7}"
EndProject
Project("{2150E333-8FDC-42A3-9474-1A3956D46DE8}") = "notes", "notes", "{3259FE22-3903-4F57-884D-7EC96D9E8DBF}"
	ProjectSection(SolutionItems) = preProject
		1.Facoty.md = 1.Facoty.md
	EndProjectSection
EndProject
Project("{2150E333-8FDC-42A3-9474-1A3956D46DE8}") = "pics", "pics", "{E7FA86F1-F190-4434-AF7E-C4C3CCA4FFD8}"
	ProjectSection(SolutionItems) = preProject
		pics\1.factorymethod+IOC.JPG = pics\1.factorymethod+IOC.JPG
		pics\1.factorymethod.JPG = pics\1.factorymethod.JPG
		pics\1.samplefactory.JPG = pics\1.samplefactory.JPG
	EndProjectSection
EndProject
Project("{9A19103F-16F7-4668-BE54-9A1E7A4F7556}") = "1_LauguageCharacter", "1_Preparation\DesignPattern\1_LauguageCharacter.csproj", "{23756AEA-D317-421C-A563-2C9E28DC6403}"
EndProject
Project("{9A19103F-16F7-4668-BE54-9A1E7A4F7556}") = "1_LanguageCharacter.Tests", "1_Preparation\1_LanguageCharacter.Tests\1_LanguageCharacter.Tests.csproj", "{6D0666FD-BFD8-431C-A9EA-3B713FFA1925}"
EndProject
Project("{9A19103F-16F7-4668-BE54-9A1E7A4F7556}") = "_1_Factory", "2_CreationalPattern\_1_Factory\_1_Factory.csproj", "{6B7D87E9-B743-45C6-B65F-DF1F3212C09C}"
EndProject
Project("{9A19103F-16F7-4668-BE54-9A1E7A4F7556}") = "_1_Factory.Tests", "2_CreationalPattern\_1_Factory.Tests\_1_Factory.Tests.csproj", "{36D72BCB-C649-490C-AD77-887C15EE4892}"
EndProject
Project("{9A19103F-16F7-4668-BE54-9A1E7A4F7556}") = "_2_Singleton", "2_CreationalPattern\_2_Singleton\_2_Singleton.csproj", "{4B2E08D7-5B7D-4F8D-9A19-3E8687243C34}"
EndProject
Project("{9A19103F-16F7-4668-BE54-9A1E7A4F7556}") = "_2_Singleton.Tests", "2_CreationalPattern\_2_Singleton.Tests\_2_Singleton.Tests.csproj", "{A60E8C0D-8BF4-4FCB-8D66-4640DF04B858}"
EndProject
Project("{9A19103F-16F7-4668-BE54-9A1E7A4F7556}") = "_3_AbstractFactory", "2_CreationalPattern\_3_AbstractFactory\_3_AbstractFactory.csproj", "{CE19A704-66EC-422C-BDDA-2F1D8FF0B6AD}"
EndProject
Project("{9A19103F-16F7-4668-BE54-9A1E7A4F7556}") = "_3_AbstractFactory.Tests", "2_CreationalPattern\_3_AbstractFactory.Tests\_3_AbstractFactory.Tests.csproj", "{AB45148C-9625-4405-9EAE-A90A5551F0F1}"
EndProject
Project("{9A19103F-16F7-4668-BE54-9A1E7A4F7556}") = "_4_Builder", "2_CreationalPattern\_4_Builder\_4_Builder.csproj", "{1AC4A446-2F69-4F20-83E0-2813F983DC6B}"
EndProject
Project("{9A19103F-16F7-4668-BE54-9A1E7A4F7556}") = "_4_Builder.Tests", "2_CreationalPattern\_4_Builder.Tests\_4_Builder.Tests.csproj", "{0721AA65-27EA-4D0B-8733-262AB79A645D}"
EndProject
Project("{9A19103F-16F7-4668-BE54-9A1E7A4F7556}") = "_5_ProtoType", "2_CreationalPattern\_5_ProtoType\_5_ProtoType.csproj", "{A4EBF8BE-1E0F-489E-8F0C-43E2437F708F}"
EndProject
Project("{9A19103F-16F7-4668-BE54-9A1E7A4F7556}") = "_5_ProtoType.Tests", "2_CreationalPattern\_5_ProtoType.Tests\_5_ProtoType.Tests.csproj", "{E9FC1DE5-2325-4765-8A80-2A51CD9C55F4}"
EndProject
Project("{9A19103F-16F7-4668-BE54-9A1E7A4F7556}") = "_1_Adapter", "3_StructuralPattern\_1_Adapter\_1_Adapter.csproj", "{6C32888A-B833-4BE6-956E-6C223000F949}"
EndProject
Project("{9A19103F-16F7-4668-BE54-9A1E7A4F7556}") = "_1_Adapter.Tests", "3_StructuralPattern\_1_Adapter.Tests\_1_Adapter.Tests.csproj", "{52B4B41C-37D7-4B96-AAA7-EEA9EE4E0CD6}"
EndProject
Project("{9A19103F-16F7-4668-BE54-9A1E7A4F7556}") = "_2_Bridge", "3_StructuralPattern\_2_Bridge\_2_Bridge.csproj", "{3B8EE31E-BEF6-477E-8BBB-D304EFA2B989}"
EndProject
Project("{9A19103F-16F7-4668-BE54-9A1E7A4F7556}") = "_3_Composite", "3_StructuralPattern\_3_Composite\_3_Composite.csproj", "{B623EE7F-A4E9-4CE3-8B61-395DAC57536F}"
EndProject
Project("{9A19103F-16F7-4668-BE54-9A1E7A4F7556}") = "_3_Composite.Tests", "3_StructuralPattern\_3_Composite.Tests\_3_Composite.Tests.csproj", "{C3CBAA66-AC78-4C2A-8F7E-126D99A1E110}"
EndProject
Project("{9A19103F-16F7-4668-BE54-9A1E7A4F7556}") = "_4_Decorator", "3_StructuralPattern\_4_Decorator\_4_Decorator.csproj", "{4AF40D26-4A30-40D2-A057-5E470C2041C3}"
EndProject
Project("{9A19103F-16F7-4668-BE54-9A1E7A4F7556}") = "_5_Facade", "3_StructuralPattern\_5_Facade\_5_Facade.csproj", "{4F48F7B1-ABE0-44D1-8DBA-C541566DCF60}"
EndProject
Project("{9A19103F-16F7-4668-BE54-9A1E7A4F7556}") = "_6_Flyweight", "3_StructuralPattern\_6_Flyweight\_6_Flyweight.csproj", "{E9CD6990-245C-49DF-AD1C-73C6C958E749}"
EndProject
Project("{9A19103F-16F7-4668-BE54-9A1E7A4F7556}") = "_7_Proxy", "3_StructuralPattern\_7_Proxy\_7_Proxy.csproj", "{B8E7DA54-4651-46AE-A044-B5AF26B8EE30}"
EndProject
Project("{9A19103F-16F7-4668-BE54-9A1E7A4F7556}") = "_1_CoR", "4_BehavioralPattern\_1_CoR\_1_CoR.csproj", "{B3180872-7DB5-4DF9-809D-3DD8D3564C68}"
EndProject
Global
	GlobalSection(SolutionConfigurationPlatforms) = preSolution
		Debug|Any CPU = Debug|Any CPU
		Release|Any CPU = Release|Any CPU
	EndGlobalSection
	GlobalSection(ProjectConfigurationPlatforms) = postSolution
		{23756AEA-D317-421C-A563-2C9E28DC6403}.Debug|Any CPU.ActiveCfg = Debug|Any CPU
		{23756AEA-D317-421C-A563-2C9E28DC6403}.Debug|Any CPU.Build.0 = Debug|Any CPU
		{23756AEA-D317-421C-A563-2C9E28DC6403}.Release|Any CPU.ActiveCfg = Release|Any CPU
		{23756AEA-D317-421C-A563-2C9E28DC6403}.Release|Any CPU.Build.0 = Release|Any CPU
		{6D0666FD-BFD8-431C-A9EA-3B713FFA1925}.Debug|Any CPU.ActiveCfg = Debug|Any CPU
		{6D0666FD-BFD8-431C-A9EA-3B713FFA1925}.Debug|Any CPU.Build.0 = Debug|Any CPU
		{6D0666FD-BFD8-431C-A9EA-3B713FFA1925}.Release|Any CPU.ActiveCfg = Release|Any CPU
		{6D0666FD-BFD8-431C-A9EA-3B713FFA1925}.Release|Any CPU.Build.0 = Release|Any CPU
		{6B7D87E9-B743-45C6-B65F-DF1F3212C09C}.Debug|Any CPU.ActiveCfg = Debug|Any CPU
		{6B7D87E9-B743-45C6-B65F-DF1F3212C09C}.Debug|Any CPU.Build.0 = Debug|Any CPU
		{6B7D87E9-B743-45C6-B65F-DF1F3212C09C}.Release|Any CPU.ActiveCfg = Release|Any CPU
		{6B7D87E9-B743-45C6-B65F-DF1F3212C09C}.Release|Any CPU.Build.0 = Release|Any CPU
		{36D72BCB-C649-490C-AD77-887C15EE4892}.Debug|Any CPU.ActiveCfg = Debug|Any CPU
		{36D72BCB-C649-490C-AD77-887C15EE4892}.Debug|Any CPU.Build.0 = Debug|Any CPU
		{36D72BCB-C649-490C-AD77-887C15EE4892}.Release|Any CPU.ActiveCfg = Release|Any CPU
		{36D72BCB-C649-490C-AD77-887C15EE4892}.Release|Any CPU.Build.0 = Release|Any CPU
		{4B2E08D7-5B7D-4F8D-9A19-3E8687243C34}.Debug|Any CPU.ActiveCfg = Debug|Any CPU
		{4B2E08D7-5B7D-4F8D-9A19-3E8687243C34}.Debug|Any CPU.Build.0 = Debug|Any CPU
		{4B2E08D7-5B7D-4F8D-9A19-3E8687243C34}.Release|Any CPU.ActiveCfg = Release|Any CPU
		{4B2E08D7-5B7D-4F8D-9A19-3E8687243C34}.Release|Any CPU.Build.0 = Release|Any CPU
		{A60E8C0D-8BF4-4FCB-8D66-4640DF04B858}.Debug|Any CPU.ActiveCfg = Debug|Any CPU
		{A60E8C0D-8BF4-4FCB-8D66-4640DF04B858}.Debug|Any CPU.Build.0 = Debug|Any CPU
		{A60E8C0D-8BF4-4FCB-8D66-4640DF04B858}.Release|Any CPU.ActiveCfg = Release|Any CPU
		{A60E8C0D-8BF4-4FCB-8D66-4640DF04B858}.Release|Any CPU.Build.0 = Release|Any CPU
		{CE19A704-66EC-422C-BDDA-2F1D8FF0B6AD}.Debug|Any CPU.ActiveCfg = Debug|Any CPU
		{CE19A704-66EC-422C-BDDA-2F1D8FF0B6AD}.Debug|Any CPU.Build.0 = Debug|Any CPU
		{CE19A704-66EC-422C-BDDA-2F1D8FF0B6AD}.Release|Any CPU.ActiveCfg = Release|Any CPU
		{CE19A704-66EC-422C-BDDA-2F1D8FF0B6AD}.Release|Any CPU.Build.0 = Release|Any CPU
		{AB45148C-9625-4405-9EAE-A90A5551F0F1}.Debug|Any CPU.ActiveCfg = Debug|Any CPU
		{AB45148C-9625-4405-9EAE-A90A5551F0F1}.Debug|Any CPU.Build.0 = Debug|Any CPU
		{AB45148C-9625-4405-9EAE-A90A5551F0F1}.Release|Any CPU.ActiveCfg = Release|Any CPU
		{AB45148C-9625-4405-9EAE-A90A5551F0F1}.Release|Any CPU.Build.0 = Release|Any CPU
		{1AC4A446-2F69-4F20-83E0-2813F983DC6B}.Debug|Any CPU.ActiveCfg = Debug|Any CPU
		{1AC4A446-2F69-4F20-83E0-2813F983DC6B}.Debug|Any CPU.Build.0 = Debug|Any CPU
		{1AC4A446-2F69-4F20-83E0-2813F983DC6B}.Release|Any CPU.ActiveCfg = Release|Any CPU
		{1AC4A446-2F69-4F20-83E0-2813F983DC6B}.Release|Any CPU.Build.0 = Release|Any CPU
		{0721AA65-27EA-4D0B-8733-262AB79A645D}.Debug|Any CPU.ActiveCfg = Debug|Any CPU
		{0721AA65-27EA-4D0B-8733-262AB79A645D}.Debug|Any CPU.Build.0 = Debug|Any CPU
		{0721AA65-27EA-4D0B-8733-262AB79A645D}.Release|Any CPU.ActiveCfg = Release|Any CPU
		{0721AA65-27EA-4D0B-8733-262AB79A645D}.Release|Any CPU.Build.0 = Release|Any CPU
		{A4EBF8BE-1E0F-489E-8F0C-43E2437F708F}.Debug|Any CPU.ActiveCfg = Debug|Any CPU
		{A4EBF8BE-1E0F-489E-8F0C-43E2437F708F}.Debug|Any CPU.Build.0 = Debug|Any CPU
		{A4EBF8BE-1E0F-489E-8F0C-43E2437F708F}.Release|Any CPU.ActiveCfg = Release|Any CPU
		{A4EBF8BE-1E0F-489E-8F0C-43E2437F708F}.Release|Any CPU.Build.0 = Release|Any CPU
		{E9FC1DE5-2325-4765-8A80-2A51CD9C55F4}.Debug|Any CPU.ActiveCfg = Debug|Any CPU
		{E9FC1DE5-2325-4765-8A80-2A51CD9C55F4}.Debug|Any CPU.Build.0 = Debug|Any CPU
		{E9FC1DE5-2325-4765-8A80-2A51CD9C55F4}.Release|Any CPU.ActiveCfg = Release|Any CPU
		{E9FC1DE5-2325-4765-8A80-2A51CD9C55F4}.Release|Any CPU.Build.0 = Release|Any CPU
		{6C32888A-B833-4BE6-956E-6C223000F949}.Debug|Any CPU.ActiveCfg = Debug|Any CPU
		{6C32888A-B833-4BE6-956E-6C223000F949}.Debug|Any CPU.Build.0 = Debug|Any CPU
		{6C32888A-B833-4BE6-956E-6C223000F949}.Release|Any CPU.ActiveCfg = Release|Any CPU
		{6C32888A-B833-4BE6-956E-6C223000F949}.Release|Any CPU.Build.0 = Release|Any CPU
		{52B4B41C-37D7-4B96-AAA7-EEA9EE4E0CD6}.Debug|Any CPU.ActiveCfg = Debug|Any CPU
		{52B4B41C-37D7-4B96-AAA7-EEA9EE4E0CD6}.Debug|Any CPU.Build.0 = Debug|Any CPU
		{52B4B41C-37D7-4B96-AAA7-EEA9EE4E0CD6}.Release|Any CPU.ActiveCfg = Release|Any CPU
		{52B4B41C-37D7-4B96-AAA7-EEA9EE4E0CD6}.Release|Any CPU.Build.0 = Release|Any CPU
		{3B8EE31E-BEF6-477E-8BBB-D304EFA2B989}.Debug|Any CPU.ActiveCfg = Debug|Any CPU
		{3B8EE31E-BEF6-477E-8BBB-D304EFA2B989}.Debug|Any CPU.Build.0 = Debug|Any CPU
		{3B8EE31E-BEF6-477E-8BBB-D304EFA2B989}.Release|Any CPU.ActiveCfg = Release|Any CPU
		{3B8EE31E-BEF6-477E-8BBB-D304EFA2B989}.Release|Any CPU.Build.0 = Release|Any CPU
		{B623EE7F-A4E9-4CE3-8B61-395DAC57536F}.Debug|Any CPU.ActiveCfg = Debug|Any CPU
		{B623EE7F-A4E9-4CE3-8B61-395DAC57536F}.Debug|Any CPU.Build.0 = Debug|Any CPU
		{B623EE7F-A4E9-4CE3-8B61-395DAC57536F}.Release|Any CPU.ActiveCfg = Release|Any CPU
		{B623EE7F-A4E9-4CE3-8B61-395DAC57536F}.Release|Any CPU.Build.0 = Release|Any CPU
		{C3CBAA66-AC78-4C2A-8F7E-126D99A1E110}.Debug|Any CPU.ActiveCfg = Debug|Any CPU
		{C3CBAA66-AC78-4C2A-8F7E-126D99A1E110}.Debug|Any CPU.Build.0 = Debug|Any CPU
		{C3CBAA66-AC78-4C2A-8F7E-126D99A1E110}.Release|Any CPU.ActiveCfg = Release|Any CPU
		{C3CBAA66-AC78-4C2A-8F7E-126D99A1E110}.Release|Any CPU.Build.0 = Release|Any CPU
		{4AF40D26-4A30-40D2-A057-5E470C2041C3}.Debug|Any CPU.ActiveCfg = Debug|Any CPU
		{4AF40D26-4A30-40D2-A057-5E470C2041C3}.Debug|Any CPU.Build.0 = Debug|Any CPU
		{4AF40D26-4A30-40D2-A057-5E470C2041C3}.Release|Any CPU.ActiveCfg = Release|Any CPU
		{4AF40D26-4A30-40D2-A057-5E470C2041C3}.Release|Any CPU.Build.0 = Release|Any CPU
		{4F48F7B1-ABE0-44D1-8DBA-C541566DCF60}.Debug|Any CPU.ActiveCfg = Debug|Any CPU
		{4F48F7B1-ABE0-44D1-8DBA-C541566DCF60}.Debug|Any CPU.Build.0 = Debug|Any CPU
		{4F48F7B1-ABE0-44D1-8DBA-C541566DCF60}.Release|Any CPU.ActiveCfg = Release|Any CPU
		{4F48F7B1-ABE0-44D1-8DBA-C541566DCF60}.Release|Any CPU.Build.0 = Release|Any CPU
		{E9CD6990-245C-49DF-AD1C-73C6C958E749}.Debug|Any CPU.ActiveCfg = Debug|Any CPU
		{E9CD6990-245C-49DF-AD1C-73C6C958E749}.Debug|Any CPU.Build.0 = Debug|Any CPU
		{E9CD6990-245C-49DF-AD1C-73C6C958E749}.Release|Any CPU.ActiveCfg = Release|Any CPU
		{E9CD6990-245C-49DF-AD1C-73C6C958E749}.Release|Any CPU.Build.0 = Release|Any CPU
		{B8E7DA54-4651-46AE-A044-B5AF26B8EE30}.Debug|Any CPU.ActiveCfg = Debug|Any CPU
		{B8E7DA54-4651-46AE-A044-B5AF26B8EE30}.Debug|Any CPU.Build.0 = Debug|Any CPU
		{B8E7DA54-4651-46AE-A044-B5AF26B8EE30}.Release|Any CPU.ActiveCfg = Release|Any CPU
		{B8E7DA54-4651-46AE-A044-B5AF26B8EE30}.Release|Any CPU.Build.0 = Release|Any CPU
		{B3180872-7DB5-4DF9-809D-3DD8D3564C68}.Debug|Any CPU.ActiveCfg = Debug|Any CPU
		{B3180872-7DB5-4DF9-809D-3DD8D3564C68}.Debug|Any CPU.Build.0 = Debug|Any CPU
		{B3180872-7DB5-4DF9-809D-3DD8D3564C68}.Release|Any CPU.ActiveCfg = Release|Any CPU
		{B3180872-7DB5-4DF9-809D-3DD8D3564C68}.Release|Any CPU.Build.0 = Release|Any CPU
	EndGlobalSection
	GlobalSection(SolutionProperties) = preSolution
		HideSolutionNode = FALSE
	EndGlobalSection
	GlobalSection(NestedProjects) = preSolution
		{23756AEA-D317-421C-A563-2C9E28DC6403} = {B9CB0868-A9B8-41CE-9440-40AB36DB2D84}
		{6D0666FD-BFD8-431C-A9EA-3B713FFA1925} = {B9CB0868-A9B8-41CE-9440-40AB36DB2D84}
		{6B7D87E9-B743-45C6-B65F-DF1F3212C09C} = {D05C2F6E-F3A6-4015-8855-194697431844}
		{36D72BCB-C649-490C-AD77-887C15EE4892} = {D05C2F6E-F3A6-4015-8855-194697431844}
		{4B2E08D7-5B7D-4F8D-9A19-3E8687243C34} = {D05C2F6E-F3A6-4015-8855-194697431844}
		{A60E8C0D-8BF4-4FCB-8D66-4640DF04B858} = {D05C2F6E-F3A6-4015-8855-194697431844}
		{CE19A704-66EC-422C-BDDA-2F1D8FF0B6AD} = {D05C2F6E-F3A6-4015-8855-194697431844}
		{AB45148C-9625-4405-9EAE-A90A5551F0F1} = {D05C2F6E-F3A6-4015-8855-194697431844}
		{1AC4A446-2F69-4F20-83E0-2813F983DC6B} = {D05C2F6E-F3A6-4015-8855-194697431844}
		{0721AA65-27EA-4D0B-8733-262AB79A645D} = {D05C2F6E-F3A6-4015-8855-194697431844}
		{A4EBF8BE-1E0F-489E-8F0C-43E2437F708F} = {D05C2F6E-F3A6-4015-8855-194697431844}
		{E9FC1DE5-2325-4765-8A80-2A51CD9C55F4} = {D05C2F6E-F3A6-4015-8855-194697431844}
		{6C32888A-B833-4BE6-956E-6C223000F949} = {593A8778-A6AC-40E8-A104-30ADE90DAC31}
		{52B4B41C-37D7-4B96-AAA7-EEA9EE4E0CD6} = {593A8778-A6AC-40E8-A104-30ADE90DAC31}
		{3B8EE31E-BEF6-477E-8BBB-D304EFA2B989} = {593A8778-A6AC-40E8-A104-30ADE90DAC31}
		{B623EE7F-A4E9-4CE3-8B61-395DAC57536F} = {593A8778-A6AC-40E8-A104-30ADE90DAC31}
		{C3CBAA66-AC78-4C2A-8F7E-126D99A1E110} = {593A8778-A6AC-40E8-A104-30ADE90DAC31}
		{4AF40D26-4A30-40D2-A057-5E470C2041C3} = {593A8778-A6AC-40E8-A104-30ADE90DAC31}
		{4F48F7B1-ABE0-44D1-8DBA-C541566DCF60} = {593A8778-A6AC-40E8-A104-30ADE90DAC31}
		{E9CD6990-245C-49DF-AD1C-73C6C958E749} = {593A8778-A6AC-40E8-A104-30ADE90DAC31}
		{B8E7DA54-4651-46AE-A044-B5AF26B8EE30} = {593A8778-A6AC-40E8-A104-30ADE90DAC31}
		{B3180872-7DB5-4DF9-809D-3DD8D3564C68} = {AA9E98DF-E9E9-422A-925B-5238827491B7}
	EndGlobalSection
	GlobalSection(ExtensibilityGlobals) = postSolution
		SolutionGuid = {82592DCD-B675-4D0C-9EC2-0918A981A934}
	EndGlobalSection
EndGlobal
